// !$*UTF8*$!
{
	archiveVersion = 1;
	classes = {
	};
	objectVersion = 46;
	objects = {

/* Begin PBXBuildFile section */
		4AD9A9081F9F99600029A7B2 /* ElasticRefresh.h in Headers */ = {isa = PBXBuildFile; fileRef = 4AD9A9061F9F99600029A7B2 /* ElasticRefresh.h */; settings = {ATTRIBUTES = (Public, ); }; };
		4AD9A9131F9F99810029A7B2 /* DGElasticPullToRefreshConstants.swift in Sources */ = {isa = PBXBuildFile; fileRef = 4AD9A90E1F9F99810029A7B2 /* DGElasticPullToRefreshConstants.swift */; };
		4AD9A9141F9F99810029A7B2 /* DGElasticPullToRefreshExtensions.swift in Sources */ = {isa = PBXBuildFile; fileRef = 4AD9A90F1F9F99810029A7B2 /* DGElasticPullToRefreshExtensions.swift */; };
		4AD9A9151F9F99810029A7B2 /* DGElasticPullToRefreshLoadingView.swift in Sources */ = {isa = PBXBuildFile; fileRef = 4AD9A9101F9F99810029A7B2 /* DGElasticPullToRefreshLoadingView.swift */; };
		4AD9A9161F9F99810029A7B2 /* DGElasticPullToRefreshLoadingViewCircle.swift in Sources */ = {isa = PBXBuildFile; fileRef = 4AD9A9111F9F99810029A7B2 /* DGElasticPullToRefreshLoadingViewCircle.swift */; };
		4AD9A9171F9F99810029A7B2 /* DGElasticPullToRefreshView.swift in Sources */ = {isa = PBXBuildFile; fileRef = 4AD9A9121F9F99810029A7B2 /* DGElasticPullToRefreshView.swift */; };
/* End PBXBuildFile section */

/* Begin PBXFileReference section */
		4AD9A9031F9F99600029A7B2 /* ElasticRefresh.framework */ = {isa = PBXFileReference; explicitFileType = wrapper.framework; includeInIndex = 0; path = ElasticRefresh.framework; sourceTree = BUILT_PRODUCTS_DIR; };
		4AD9A9061F9F99600029A7B2 /* ElasticRefresh.h */ = {isa = PBXFileReference; lastKnownFileType = sourcecode.c.h; path = ElasticRefresh.h; sourceTree = "<group>"; };
		4AD9A9071F9F99600029A7B2 /* Info.plist */ = {isa = PBXFileReference; lastKnownFileType = text.plist.xml; path = Info.plist; sourceTree = "<group>"; };
		4AD9A90E1F9F99810029A7B2 /* DGElasticPullToRefreshConstants.swift */ = {isa = PBXFileReference; fileEncoding = 4; lastKnownFileType = sourcecode.swift; path = DGElasticPullToRefreshConstants.swift; sourceTree = "<group>"; };
		4AD9A90F1F9F99810029A7B2 /* DGElasticPullToRefreshExtensions.swift */ = {isa = PBXFileReference; fileEncoding = 4; lastKnownFileType = sourcecode.swift; path = DGElasticPullToRefreshExtensions.swift; sourceTree = "<group>"; };
		4AD9A9101F9F99810029A7B2 /* DGElasticPullToRefreshLoadingView.swift */ = {isa = PBXFileReference; fileEncoding = 4; lastKnownFileType = sourcecode.swift; path = DGElasticPullToRefreshLoadingView.swift; sourceTree = "<group>"; };
		4AD9A9111F9F99810029A7B2 /* DGElasticPullToRefreshLoadingViewCircle.swift */ = {isa = PBXFileReference; fileEncoding = 4; lastKnownFileType = sourcecode.swift; path = DGElasticPullToRefreshLoadingViewCircle.swift; sourceTree = "<group>"; };
		4AD9A9121F9F99810029A7B2 /* DGElasticPullToRefreshView.swift */ = {isa = PBXFileReference; fileEncoding = 4; lastKnownFileType = sourcecode.swift; path = DGElasticPullToRefreshView.swift; sourceTree = "<group>"; };
/* End PBXFileReference section */

/* Begin PBXFrameworksBuildPhase section */
		4AD9A8FF1F9F99600029A7B2 /* Frameworks */ = {
			isa = PBXFrameworksBuildPhase;
			buildActionMask = 2147483647;
			files = (
			);
			runOnlyForDeploymentPostprocessing = 0;
		};
/* End PBXFrameworksBuildPhase section */

/* Begin PBXGroup section */
		4AD9A8F91F9F99600029A7B2 = {
			isa = PBXGroup;
			children = (
				4AD9A9051F9F99600029A7B2 /* ElasticRefresh */,
				4AD9A9041F9F99600029A7B2 /* Products */,
			);
			sourceTree = "<group>";
		};
		4AD9A9041F9F99600029A7B2 /* Products */ = {
			isa = PBXGroup;
			children = (
				4AD9A9031F9F99600029A7B2 /* ElasticRefresh.framework */,
			);
			name = Products;
			sourceTree = "<group>";
		};
		4AD9A9051F9F99600029A7B2 /* ElasticRefresh */ = {
			isa = PBXGroup;
			children = (
				4AD9A9061F9F99600029A7B2 /* ElasticRefresh.h */,
				4AD9A90E1F9F99810029A7B2 /* DGElasticPullToRefreshConstants.swift */,
				4AD9A90F1F9F99810029A7B2 /* DGElasticPullToRefreshExtensions.swift */,
				4AD9A9101F9F99810029A7B2 /* DGElasticPullToRefreshLoadingView.swift */,
				4AD9A9111F9F99810029A7B2 /* DGElasticPullToRefreshLoadingViewCircle.swift */,
				4AD9A9121F9F99810029A7B2 /* DGElasticPullToRefreshView.swift */,
				4AD9A9071F9F99600029A7B2 /* Info.plist */,
			);
			path = ElasticRefresh;
			sourceTree = "<group>";
		};
/* End PBXGroup section */

/* Begin PBXHeadersBuildPhase section */
		4AD9A9001F9F99600029A7B2 /* Headers */ = {
			isa = PBXHeadersBuildPhase;
			buildActionMask = 2147483647;
			files = (
				4AD9A9081F9F99600029A7B2 /* ElasticRefresh.h in Headers */,
			);
			runOnlyForDeploymentPostprocessing = 0;
		};
/* End PBXHeadersBuildPhase section */

/* Begin PBXNativeTarget section */
		4AD9A9021F9F99600029A7B2 /* ElasticRefresh */ = {
			isa = PBXNativeTarget;
			buildConfigurationList = 4AD9A90B1F9F99600029A7B2 /* Build configuration list for PBXNativeTarget "ElasticRefresh" */;
			buildPhases = (
				4AD9A8FE1F9F99600029A7B2 /* Sources */,
				4AD9A8FF1F9F99600029A7B2 /* Frameworks */,
				4AD9A9001F9F99600029A7B2 /* Headers */,
				4AD9A9011F9F99600029A7B2 /* Resources */,
			);
			buildRules = (
			);
			dependencies = (
			);
			name = ElasticRefresh;
			productName = ElasticRefresh;
			productReference = 4AD9A9031F9F99600029A7B2 /* ElasticRefresh.framework */;
			productType = "com.apple.product-type.framework";
		};
/* End PBXNativeTarget section */

/* Begin PBXProject section */
		4AD9A8FA1F9F99600029A7B2 /* Project object */ = {
			isa = PBXProject;
			attributes = {
				LastUpgradeCheck = 0830;
				ORGANIZATIONNAME = "Eduardo Carminati";
				TargetAttributes = {
					4AD9A9021F9F99600029A7B2 = {
						CreatedOnToolsVersion = 8.3.1;
						LastSwiftMigration = 0830;
						ProvisioningStyle = Automatic;
					};
				};
			};
			buildConfigurationList = 4AD9A8FD1F9F99600029A7B2 /* Build configuration list for PBXProject "ElasticRefresh" */;
			compatibilityVersion = "Xcode 3.2";
			developmentRegion = English;
			hasScannedForEncodings = 0;
			knownRegions = (
				en,
			);
			mainGroup = 4AD9A8F91F9F99600029A7B2;
			productRefGroup = 4AD9A9041F9F99600029A7B2 /* Products */;
			projectDirPath = "";
			projectRoot = "";
			targets = (
				4AD9A9021F9F99600029A7B2 /* ElasticRefresh */,
			);
		};
/* End PBXProject section */

/* Begin PBXResourcesBuildPhase section */
		4AD9A9011F9F99600029A7B2 /* Resources */ = {
			isa = PBXResourcesBuildPhase;
			buildActionMask = 2147483647;
			files = (
			);
			runOnlyForDeploymentPostprocessing = 0;
		};
/* End PBXResourcesBuildPhase section */

/* Begin PBXSourcesBuildPhase section */
		4AD9A8FE1F9F99600029A7B2 /* Sources */ = {
			isa = PBXSourcesBuildPhase;
			buildActionMask = 2147483647;
			files = (
				4AD9A9171F9F99810029A7B2 /* DGElasticPullToRefreshView.swift in Sources */,
				4AD9A9141F9F99810029A7B2 /* DGElasticPullToRefreshExtensions.swift in Sources */,
				4AD9A9131F9F99810029A7B2 /* DGElasticPullToRefreshConstants.swift in Sources */,
				4AD9A9161F9F99810029A7B2 /* DGElasticPullToRefreshLoadingViewCircle.swift in Sources */,
				4AD9A9151F9F99810029A7B2 /* DGElasticPullToRefreshLoadingView.swift in Sources */,
			);
			runOnlyForDeploymentPostprocessing = 0;
		};
/* End PBXSourcesBuildPhase section */

/* Begin XCBuildConfiguration section */
		4AD9A9091F9F99600029A7B2 /* Debug */ = {
			isa = XCBuildConfiguration;
			buildSettings = {
				ALWAYS_SEARCH_USER_PATHS = NO;
				CLANG_ANALYZER_NONNULL = YES;
				CLANG_ANALYZER_NUMBER_OBJECT_CONVERSION = YES_AGGRESSIVE;
				CLANG_CXX_LANGUAGE_STANDARD = "gnu++0x";
				CLANG_CXX_LIBRARY = "libc++";
				CLANG_ENABLE_MODULES = YES;
				CLANG_ENABLE_OBJC_ARC = YES;
				CLANG_WARN_BOOL_CONVERSION = YES;
				CLANG_WARN_CONSTANT_CONVERSION = YES;
				CLANG_WARN_DIRECT_OBJC_ISA_USAGE = YES_ERROR;
				CLANG_WARN_DOCUMENTATION_COMMENTS = YES;
				CLANG_WARN_EMPTY_BODY = YES;
				CLANG_WARN_ENUM_CONVERSION = YES;
				CLANG_WARN_INFINITE_RECURSION = YES;
				CLANG_WARN_INT_CONVERSION = YES;
				CLANG_WARN_OBJC_ROOT_CLASS = YES_ERROR;
				CLANG_WARN_SUSPICIOUS_MOVE = YES;
				CLANG_WARN_UNREACHABLE_CODE = YES;
				CLANG_WARN__DUPLICATE_METHOD_MATCH = YES;
				"CODE_SIGN_IDENTITY[sdk=iphoneos*]" = "iPhone Developer";
				COPY_PHASE_STRIP = NO;
				CURRENT_PROJECT_VERSION = 1;
				DEBUG_INFORMATION_FORMAT = dwarf;
				ENABLE_STRICT_OBJC_MSGSEND = YES;
				ENABLE_TESTABILITY = YES;
				GCC_C_LANGUAGE_STANDARD = gnu99;
				GCC_DYNAMIC_NO_PIC = NO;
				GCC_NO_COMMON_BLOCKS = YES;
				GCC_OPTIMIZATION_LEVEL = 0;
				GCC_PREPROCESSOR_DEFINITIONS = (
					"DEBUG=1",
					"$(inherited)",
				);
				GCC_WARN_64_TO_32_BIT_CONVERSION = YES;
				GCC_WARN_ABOUT_RETURN_TYPE = YES_ERROR;
				GCC_WARN_UNDECLARED_SELECTOR = YES;
				GCC_WARN_UNINITIALIZED_AUTOS = YES_AGGRESSIVE;
				GCC_WARN_UNUSED_FUNCTION = YES;
				GCC_WARN_UNUSED_VARIABLE = YES;
				IPHONEOS_DEPLOYMENT_TARGET = 10.3;
				MTL_ENABLE_DEBUG_INFO = YES;
				ONLY_ACTIVE_ARCH = YES;
				SDKROOT = iphoneos;
				SWIFT_ACTIVE_COMPILATION_CONDITIONS = DEBUG;
				SWIFT_OPTIMIZATION_LEVEL = "-Onone";
				TARGETED_DEVICE_FAMILY = "1,2";
				VERSIONING_SYSTEM = "apple-generic";
				VERSION_INFO_PREFIX = "";
			};
			name = Debug;
		};
		4AD9A90A1F9F99600029A7B2 /* Release */ = {
			isa = XCBuildConfiguration;
			buildSettings = {
				ALWAYS_SEARCH_USER_PATHS = NO;
				CLANG_ANALYZER_NONNULL = YES;
				CLANG_ANALYZER_NUMBER_OBJECT_CONVERSION = YES_AGGRESSIVE;
				CLANG_CXX_LANGUAGE_STANDARD = "gnu++0x";
				CLANG_CXX_LIBRARY = "libc++";
				CLANG_ENABLE_MODULES = YES;
				CLANG_ENABLE_OBJC_ARC = YES;
				CLANG_WARN_BOOL_CONVERSION = YES;
				CLANG_WARN_CONSTANT_CONVERSION = YES;
				CLANG_WARN_DIRECT_OBJC_ISA_USAGE = YES_ERROR;
				CLANG_WARN_DOCUMENTATION_COMMENTS = YES;
				CLANG_WARN_EMPTY_BODY = YES;
				CLANG_WARN_ENUM_CONVERSION = YES;
				CLANG_WARN_INFINITE_RECURSION = YES;
				CLANG_WARN_INT_CONVERSION = YES;
				CLANG_WARN_OBJC_ROOT_CLASS = YES_ERROR;
				CLANG_WARN_SUSPICIOUS_MOVE = YES;
				CLANG_WARN_UNREACHABLE_CODE = YES;
				CLANG_WARN__DUPLICATE_METHOD_MATCH = YES;
				"CODE_SIGN_IDENTITY[sdk=iphoneos*]" = "iPhone Developer";
				COPY_PHASE_STRIP = NO;
				CURRENT_PROJECT_VERSION = 1;
				DEBUG_INFORMATION_FORMAT = "dwarf-with-dsym";
				ENABLE_NS_ASSERTIONS = NO;
				ENABLE_STRICT_OBJC_MSGSEND = YES;
				GCC_C_LANGUAGE_STANDARD = gnu99;
				GCC_NO_COMMON_BLOCKS = YES;
				GCC_WARN_64_TO_32_BIT_CONVERSION = YES;
				GCC_WARN_ABOUT_RETURN_TYPE = YES_ERROR;
				GCC_WARN_UNDECLARED_SELECTOR = YES;
				GCC_WARN_UNINITIALIZED_AUTOS = YES_AGGRESSIVE;
				GCC_WARN_UNUSED_FUNCTION = YES;
				GCC_WARN_UNUSED_VARIABLE = YES;
				IPHONEOS_DEPLOYMENT_TARGET = 10.3;
				MTL_ENABLE_DEBUG_INFO = NO;
				SDKROOT = iphoneos;
				SWIFT_OPTIMIZATION_LEVEL = "-Owholemodule";
				TARGETED_DEVICE_FAMILY = "1,2";
				VALIDATE_PRODUCT = YES;
				VERSIONING_SYSTEM = "apple-generic";
				VERSION_INFO_PREFIX = "";
			};
			name = Release;
		};
		4AD9A90C1F9F99600029A7B2 /* Debug */ = {
			isa = XCBuildConfiguration;
			buildSettings = {
				CLANG_ENABLE_MODULES = YES;
				CODE_SIGN_IDENTITY = "";
				DEFINES_MODULE = YES;
				DYLIB_COMPATIBILITY_VERSION = 1;
				DYLIB_CURRENT_VERSION = 1;
				DYLIB_INSTALL_NAME_BASE = "@rpath";
				INFOPLIST_FILE = ElasticRefresh/Info.plist;
				INSTALL_PATH = "$(LOCAL_LIBRARY_DIR)/Frameworks";
				IPHONEOS_DEPLOYMENT_TARGET = 8.0;
				LD_RUNPATH_SEARCH_PATHS = "$(inherited) @executable_path/Frameworks @loader_path/Frameworks";
				PRODUCT_BUNDLE_IDENTIFIER = br.com.carminati.ElasticRefresh;
				PRODUCT_NAME = "$(TARGET_NAME)";
				SKIP_INSTALL = YES;
				SWIFT_OPTIMIZATION_LEVEL = "-Onone";
				SWIFT_VERSION = 3.0;
			};
			name = Debug;
		};
		4AD9A90D1F9F99600029A7B2 /* Release */ = {
			isa = XCBuildConfiguration;
			buildSettings = {
				CLANG_ENABLE_MODULES = YES;
				CODE_SIGN_IDENTITY = "";
				DEFINES_MODULE = YES;
				DYLIB_COMPATIBILITY_VERSION = 1;
				DYLIB_CURRENT_VERSION = 1;
				DYLIB_INSTALL_NAME_BASE = "@rpath";
				INFOPLIST_FILE = ElasticRefresh/Info.plist;
				INSTALL_PATH = "$(LOCAL_LIBRARY_DIR)/Frameworks";
				IPHONEOS_DEPLOYMENT_TARGET = 8.0;
				LD_RUNPATH_SEARCH_PATHS = "$(inherited) @executable_path/Frameworks @loader_path/Frameworks";
				PRODUCT_BUNDLE_IDENTIFIER = br.com.carminati.ElasticRefresh;
				PRODUCT_NAME = "$(TARGET_NAME)";
				SKIP_INSTALL = YES;
				SWIFT_VERSION = 3.0;
			};
			name = Release;
		};
/* End XCBuildConfiguration section */

/* Begin XCConfigurationList section */
		4AD9A8FD1F9F99600029A7B2 /* Build configuration list for PBXProject "ElasticRefresh" */ = {
			isa = XCConfigurationList;
			buildConfigurations = (
				4AD9A9091F9F99600029A7B2 /* Debug */,
				4AD9A90A1F9F99600029A7B2 /* Release */,
			);
			defaultConfigurationIsVisible = 0;
			defaultConfigurationName = Release;
		};
		4AD9A90B1F9F99600029A7B2 /* Build configuration list for PBXNativeTarget "ElasticRefresh" */ = {
			isa = XCConfigurationList;
			buildConfigurations = (
				4AD9A90C1F9F99600029A7B2 /* Debug */,
				4AD9A90D1F9F99600029A7B2 /* Release */,
			);
			defaultConfigurationIsVisible = 0;
		};
/* End XCConfigurationList section */
	};
	rootObject = 4AD9A8FA1F9F99600029A7B2 /* Project object */;
}
